// !$*UTF8*$!
{
	archiveVersion = 1;
	classes = {
	};
	objectVersion = 46;
	objects = {

/* Begin PBXBuildFile section */
		8077F49D1F211FCA0029FE61 /* Deck.swift in Sources */ = {isa = PBXBuildFile; fileRef = 8077F49C1F211FCA0029FE61 /* Deck.swift */; };
		80D67F021F1ADC9100CA1BF8 /* AppDelegate.swift in Sources */ = {isa = PBXBuildFile; fileRef = 80D67F011F1ADC9100CA1BF8 /* AppDelegate.swift */; };
		80D67F041F1ADC9100CA1BF8 /* ViewController.swift in Sources */ = {isa = PBXBuildFile; fileRef = 80D67F031F1ADC9100CA1BF8 /* ViewController.swift */; };
		80D67F071F1ADC9100CA1BF8 /* Main.storyboard in Resources */ = {isa = PBXBuildFile; fileRef = 80D67F051F1ADC9100CA1BF8 /* Main.storyboard */; };
		80D67F091F1ADC9100CA1BF8 /* Assets.xcassets in Resources */ = {isa = PBXBuildFile; fileRef = 80D67F081F1ADC9100CA1BF8 /* Assets.xcassets */; };
		80D67F0C1F1ADC9100CA1BF8 /* LaunchScreen.storyboard in Resources */ = {isa = PBXBuildFile; fileRef = 80D67F0A1F1ADC9100CA1BF8 /* LaunchScreen.storyboard */; };
/* End PBXBuildFile section */

/* Begin PBXFileReference section */
		8077F49C1F211FCA0029FE61 /* Deck.swift */ = {isa = PBXFileReference; fileEncoding = 4; lastKnownFileType = sourcecode.swift; path = Deck.swift; sourceTree = "<group>"; };
		80D67EFE1F1ADC9100CA1BF8 /* JSON Parser.app */ = {isa = PBXFileReference; explicitFileType = wrapper.application; includeInIndex = 0; path = "JSON Parser.app"; sourceTree = BUILT_PRODUCTS_DIR; };
		80D67F011F1ADC9100CA1BF8 /* AppDelegate.swift */ = {isa = PBXFileReference; lastKnownFileType = sourcecode.swift; path = AppDelegate.swift; sourceTree = "<group>"; };
		80D67F031F1ADC9100CA1BF8 /* ViewController.swift */ = {isa = PBXFileReference; lastKnownFileType = sourcecode.swift; path = ViewController.swift; sourceTree = "<group>"; };
		80D67F061F1ADC9100CA1BF8 /* Base */ = {isa = PBXFileReference; lastKnownFileType = file.storyboard; name = Base; path = Base.lproj/Main.storyboard; sourceTree = "<group>"; };
		80D67F081F1ADC9100CA1BF8 /* Assets.xcassets */ = {isa = PBXFileReference; lastKnownFileType = folder.assetcatalog; path = Assets.xcassets; sourceTree = "<group>"; };
		80D67F0B1F1ADC9100CA1BF8 /* Base */ = {isa = PBXFileReference; lastKnownFileType = file.storyboard; name = Base; path = Base.lproj/LaunchScreen.storyboard; sourceTree = "<group>"; };
		80D67F0D1F1ADC9100CA1BF8 /* Info.plist */ = {isa = PBXFileReference; lastKnownFileType = text.plist.xml; path = Info.plist; sourceTree = "<group>"; };
/* End PBXFileReference section */

/* Begin PBXFrameworksBuildPhase section */
		80D67EFB1F1ADC9100CA1BF8 /* Frameworks */ = {
			isa = PBXFrameworksBuildPhase;
			buildActionMask = 2147483647;
			files = (
			);
			runOnlyForDeploymentPostprocessing = 0;
		};
/* End PBXFrameworksBuildPhase section */

/* Begin PBXGroup section */
		80D67EF51F1ADC9100CA1BF8 = {
			isa = PBXGroup;
			children = (
				80D67F001F1ADC9100CA1BF8 /* JSON Parser */,
				80D67EFF1F1ADC9100CA1BF8 /* Products */,
			);
			sourceTree = "<group>";
		};
		80D67EFF1F1ADC9100CA1BF8 /* Products */ = {
			isa = PBXGroup;
			children = (
				80D67EFE1F1ADC9100CA1BF8 /* JSON Parser.app */,
			);
			name = Products;
			sourceTree = "<group>";
		};
		80D67F001F1ADC9100CA1BF8 /* JSON Parser */ = {
			isa = PBXGroup;
			children = (
				80D67F011F1ADC9100CA1BF8 /* AppDelegate.swift */,
				80D67F031F1ADC9100CA1BF8 /* ViewController.swift */,
				80D67F051F1ADC9100CA1BF8 /* Main.storyboard */,
				80D67F081F1ADC9100CA1BF8 /* Assets.xcassets */,
				80D67F0A1F1ADC9100CA1BF8 /* LaunchScreen.storyboard */,
				80D67F0D1F1ADC9100CA1BF8 /* Info.plist */,
				8077F49C1F211FCA0029FE61 /* Deck.swift */,
			);
			path = "JSON Parser";
			sourceTree = "<group>";
		};
/* End PBXGroup section */

/* Begin PBXNativeTarget section */
		80D67EFD1F1ADC9100CA1BF8 /* JSON Parser */ = {
			isa = PBXNativeTarget;
			buildConfigurationList = 80D67F101F1ADC9100CA1BF8 /* Build configuration list for PBXNativeTarget "JSON Parser" */;
			buildPhases = (
				80D67EFA1F1ADC9100CA1BF8 /* Sources */,
				80D67EFB1F1ADC9100CA1BF8 /* Frameworks */,
				80D67EFC1F1ADC9100CA1BF8 /* Resources */,
			);
			buildRules = (
			);
			dependencies = (
			);
			name = "JSON Parser";
			productName = "JSON Parser";
			productReference = 80D67EFE1F1ADC9100CA1BF8 /* JSON Parser.app */;
			productType = "com.apple.product-type.application";
		};
/* End PBXNativeTarget section */

/* Begin PBXProject section */
		80D67EF61F1ADC9100CA1BF8 /* Project object */ = {
			isa = PBXProject;
			attributes = {
				LastSwiftUpdateCheck = 0820;
				LastUpgradeCheck = 0820;
				ORGANIZATIONNAME = "Gustavo Pares";
				TargetAttributes = {
					80D67EFD1F1ADC9100CA1BF8 = {
						CreatedOnToolsVersion = 8.2.1;
						DevelopmentTeam = 3RWT67CWTZ;
						ProvisioningStyle = Automatic;
					};
				};
			};
			buildConfigurationList = 80D67EF91F1ADC9100CA1BF8 /* Build configuration list for PBXProject "JSON Parser" */;
			compatibilityVersion = "Xcode 3.2";
			developmentRegion = English;
			hasScannedForEncodings = 0;
			knownRegions = (
				en,
				Base,
			);
			mainGroup = 80D67EF51F1ADC9100CA1BF8;
			productRefGroup = 80D67EFF1F1ADC9100CA1BF8 /* Products */;
			projectDirPath = "";
			projectRoot = "";
			targets = (
				80D67EFD1F1ADC9100CA1BF8 /* JSON Parser */,
			);
		};
/* End PBXProject section */

/* Begin PBXResourcesBuildPhase section */
		80D67EFC1F1ADC9100CA1BF8 /* Resources */ = {
			isa = PBXResourcesBuildPhase;
			buildActionMask = 2147483647;
			files = (
				80D67F0C1F1ADC9100CA1BF8 /* LaunchScreen.storyboard in Resources */,
				80D67F091F1ADC9100CA1BF8 /* Assets.xcassets in Resources */,
				80D67F071F1ADC9100CA1BF8 /* Main.storyboard in Resources */,
			);
			runOnlyForDeploymentPostprocessing = 0;
		};
/* End PBXResourcesBuildPhase section */

/* Begin PBXSourcesBuildPhase section */
		80D67EFA1F1ADC9100CA1BF8 /* Sources */ = {
			isa = PBXSourcesBuildPhase;
			buildActionMask = 2147483647;
			files = (
				8077F49D1F211FCA0029FE61 /* Deck.swift in Sources */,
				80D67F041F1ADC9100CA1BF8 /* ViewController.swift in Sources */,
				80D67F021F1ADC9100CA1BF8 /* AppDelegate.swift in Sources */,
			);
			runOnlyForDeploymentPostprocessing = 0;
		};
/* End PBXSourcesBuildPhase section */

/* Begin PBXVariantGroup section */
		80D67F051F1ADC9100CA1BF8 /* Main.storyboard */ = {
			isa = PBXVariantGroup;
			children = (
				80D67F061F1ADC9100CA1BF8 /* Base */,
			);
			name = Main.storyboard;
			sourceTree = "<group>";
		};
		80D67F0A1F1ADC9100CA1BF8 /* LaunchScreen.storyboard */ = {
			isa = PBXVariantGroup;
			children = (
				80D67F0B1F1ADC9100CA1BF8 /* Base */,
			);
			name = LaunchScreen.storyboard;
			sourceTree = "<group>";
		};
/* End PBXVariantGroup section */

/* Begin XCBuildConfiguration section */
		80D67F0E1F1ADC9100CA1BF8 /* Debug */ = {
			isa = XCBuildConfiguration;
			buildSettings = {
				ALWAYS_SEARCH_USER_PATHS = NO;
				CLANG_ANALYZER_NONNULL = YES;
				CLANG_CXX_LANGUAGE_STANDARD = "gnu++0x";
				CLANG_CXX_LIBRARY = "libc++";
				CLANG_ENABLE_MODULES = YES;
				CLANG_ENABLE_OBJC_ARC = YES;
				CLANG_WARN_BOOL_CONVERSION = YES;
				CLANG_WARN_CONSTANT_CONVERSION = YES;
				CLANG_WARN_DIRECT_OBJC_ISA_USAGE = YES_ERROR;
				CLANG_WARN_DOCUMENTATION_COMMENTS = YES;
				CLANG_WARN_EMPTY_BODY = YES;
				CLANG_WARN_ENUM_CONVERSION = YES;
				CLANG_WARN_INFINITE_RECURSION = YES;
				CLANG_WARN_INT_CONVERSION = YES;
				CLANG_WARN_OBJC_ROOT_CLASS = YES_ERROR;
				CLANG_WARN_SUSPICIOUS_MOVE = YES;
				CLANG_WARN_UNREACHABLE_CODE = YES;
				CLANG_WARN__DUPLICATE_METHOD_MATCH = YES;
				"CODE_SIGN_IDENTITY[sdk=iphoneos*]" = "iPhone Developer";
				COPY_PHASE_STRIP = NO;
				DEBUG_INFORMATION_FORMAT = dwarf;
				ENABLE_STRICT_OBJC_MSGSEND = YES;
				ENABLE_TESTABILITY = YES;
				GCC_C_LANGUAGE_STANDARD = gnu99;
				GCC_DYNAMIC_NO_PIC = NO;
				GCC_NO_COMMON_BLOCKS = YES;
				GCC_OPTIMIZATION_LEVEL = 0;
				GCC_PREPROCESSOR_DEFINITIONS = (
					"DEBUG=1",
					"$(inherited)",
				);
				GCC_WARN_64_TO_32_BIT_CONVERSION = YES;
				GCC_WARN_ABOUT_RETURN_TYPE = YES_ERROR;
				GCC_WARN_UNDECLARED_SELECTOR = YES;
				GCC_WARN_UNINITIALIZED_AUTOS = YES_AGGRESSIVE;
				GCC_WARN_UNUSED_FUNCTION = YES;
				GCC_WARN_UNUSED_VARIABLE = YES;
				IPHONEOS_DEPLOYMENT_TARGET = 10.2;
				MTL_ENABLE_DEBUG_INFO = YES;
				ONLY_ACTIVE_ARCH = YES;
				SDKROOT = iphoneos;
				SWIFT_ACTIVE_COMPILATION_CONDITIONS = DEBUG;
				SWIFT_OPTIMIZATION_LEVEL = "-Onone";
			};
			name = Debug;
		};
		80D67F0F1F1ADC9100CA1BF8 /* Release */ = {
			isa = XCBuildConfiguration;
			buildSettings = {
				ALWAYS_SEARCH_USER_PATHS = NO;
				CLANG_ANALYZER_NONNULL = YES;
				CLANG_CXX_LANGUAGE_STANDARD = "gnu++0x";
				CLANG_CXX_LIBRARY = "libc++";
				CLANG_ENABLE_MODULES = YES;
				CLANG_ENABLE_OBJC_ARC = YES;
				CLANG_WARN_BOOL_CONVERSION = YES;
				CLANG_WARN_CONSTANT_CONVERSION = YES;
				CLANG_WARN_DIRECT_OBJC_ISA_USAGE = YES_ERROR;
				CLANG_WARN_DOCUMENTATION_COMMENTS = YES;
				CLANG_WARN_EMPTY_BODY = YES;
				CLANG_WARN_ENUM_CONVERSION = YES;
				CLANG_WARN_INFINITE_RECURSION = YES;
				CLANG_WARN_INT_CONVERSION = YES;
				CLANG_WARN_OBJC_ROOT_CLASS = YES_ERROR;
				CLANG_WARN_SUSPICIOUS_MOVE = YES;
				CLANG_WARN_UNREACHABLE_CODE = YES;
				CLANG_WARN__DUPLICATE_METHOD_MATCH = YES;
				"CODE_SIGN_IDENTITY[sdk=iphoneos*]" = "iPhone Developer";
				COPY_PHASE_STRIP = NO;
				DEBUG_INFORMATION_FORMAT = "dwarf-with-dsym";
				ENABLE_NS_ASSERTIONS = NO;
				ENABLE_STRICT_OBJC_MSGSEND = YES;
				GCC_C_LANGUAGE_STANDARD = gnu99;
				GCC_NO_COMMON_BLOCKS = YES;
				GCC_WARN_64_TO_32_BIT_CONVERSION = YES;
				GCC_WARN_ABOUT_RETURN_TYPE = YES_ERROR;
				GCC_WARN_UNDECLARED_SELECTOR = YES;
				GCC_WARN_UNINITIALIZED_AUTOS = YES_AGGRESSIVE;
				GCC_WARN_UNUSED_FUNCTION = YES;
				GCC_WARN_UNUSED_VARIABLE = YES;
				IPHONEOS_DEPLOYMENT_TARGET = 10.2;
				MTL_ENABLE_DEBUG_INFO = NO;
				SDKROOT = iphoneos;
				SWIFT_OPTIMIZATION_LEVEL = "-Owholemodule";
				VALIDATE_PRODUCT = YES;
			};
			name = Release;
		};
		80D67F111F1ADC9100CA1BF8 /* Debug */ = {
			isa = XCBuildConfiguration;
			buildSettings = {
				ASSETCATALOG_COMPILER_APPICON_NAME = AppIcon;
				DEVELOPMENT_TEAM = 3RWT67CWTZ;
				INFOPLIST_FILE = "JSON Parser/Info.plist";
				IPHONEOS_DEPLOYMENT_TARGET = 9.0;
				LD_RUNPATH_SEARCH_PATHS = "$(inherited) @executable_path/Frameworks";
				PRODUCT_BUNDLE_IDENTIFIER = "gus.JSON-Parser";
				PRODUCT_NAME = "$(TARGET_NAME)";
				SWIFT_VERSION = 3.0;
			};
			name = Debug;
		};
		80D67F121F1ADC9100CA1BF8 /* Release */ = {
			isa = XCBuildConfiguration;
			buildSettings = {
				ASSETCATALOG_COMPILER_APPICON_NAME = AppIcon;
				DEVELOPMENT_TEAM = 3RWT67CWTZ;
				INFOPLIST_FILE = "JSON Parser/Info.plist";
				IPHONEOS_DEPLOYMENT_TARGET = 9.0;
				LD_RUNPATH_SEARCH_PATHS = "$(inherited) @executable_path/Frameworks";
				PRODUCT_BUNDLE_IDENTIFIER = "gus.JSON-Parser";
				PRODUCT_NAME = "$(TARGET_NAME)";
				SWIFT_VERSION = 3.0;
			};
			name = Release;
		};
/* End XCBuildConfiguration section */

/* Begin XCConfigurationList section */
		80D67EF91F1ADC9100CA1BF8 /* Build configuration list for PBXProject "JSON Parser" */ = {
			isa = XCConfigurationList;
			buildConfigurations = (
				80D67F0E1F1ADC9100CA1BF8 /* Debug */,
				80D67F0F1F1ADC9100CA1BF8 /* Release */,
			);
			defaultConfigurationIsVisible = 0;
			defaultConfigurationName = Release;
		};
		80D67F101F1ADC9100CA1BF8 /* Build configuration list for PBXNativeTarget "JSON Parser" */ = {
			isa = XCConfigurationList;
			buildConfigurations = (
				80D67F111F1ADC9100CA1BF8 /* Debug */,
				80D67F121F1ADC9100CA1BF8 /* Release */,
			);
			defaultConfigurationIsVisible = 0;
			defaultConfigurationName = Release;
		};
/* End XCConfigurationList section */
	};
	rootObject = 80D67EF61F1ADC9100CA1BF8 /* Project object */;
}
